
Microsoft Visual Studio Solution File, Format Version 12.00
# Visual Studio 14
VisualStudioVersion = 14.0.25420.1
MinimumVisualStudioVersion = 10.0.40219.1
Project("{FAE04EC0-301F-11D3-BF4B-00C04F79EFBC}") = "PracticeInteregers", "DataTypesAndVariablesExcercise\PracticeInteregers.csproj", "{0A4B0AA1-C847-443D-B0C6-DEB7F4650C33}"
EndProject
Project("{FAE04EC0-301F-11D3-BF4B-00C04F79EFBC}") = "FloatingPoints", "FloatingPoints\FloatingPoints.csproj", "{2E86572F-761B-49ED-89DE-BD71633DB9DB}"
EndProject
Project("{FAE04EC0-301F-11D3-BF4B-00C04F79EFBC}") = "PracticeCharsAndStrings", "PracticeCharsAndStrings\PracticeCharsAndStrings.csproj", "{64290F1D-0261-460F-9211-AA4751194F42}"
EndProject
Project("{FAE04EC0-301F-11D3-BF4B-00C04F79EFBC}") = "HexadecimalConversion", "HexadecimalConversion\HexadecimalConversion.csproj", "{27D3232B-DF0B-4CCF-9436-8E09CE3E7ADF}"
EndProject
Project("{FAE04EC0-301F-11D3-BF4B-00C04F79EFBC}") = "BooleanPractice", "BooleanPractice\BooleanPractice.csproj", "{6ABB9813-67CF-427F-BFFE-6AE340EB114C}"
EndProject
Project("{FAE04EC0-301F-11D3-BF4B-00C04F79EFBC}") = "StringAndObjects", "StringAndObjects\StringAndObjects.csproj", "{C8100FC7-79BD-462B-AF07-7195F085A5C7}"
EndProject
Project("{FAE04EC0-301F-11D3-BF4B-00C04F79EFBC}") = "ExchangeValues", "ExchangeValues\ExchangeValues.csproj", "{DD082758-84BD-46ED-9F0C-9D675388D28E}"
EndProject
Project("{FAE04EC0-301F-11D3-BF4B-00C04F79EFBC}") = "EmployeeData", "EmployeeData\EmployeeData.csproj", "{A07AECAE-3C4D-483E-A6D0-8E3FE138A7D7}"
EndProject
Project("{FAE04EC0-301F-11D3-BF4B-00C04F79EFBC}") = "ReverseCharacters", "ReverseCharacters\ReverseCharacters.csproj", "{931B0F56-8D6B-4738-BC56-AE8ADFE2BB6A}"
EndProject
Project("{FAE04EC0-301F-11D3-BF4B-00C04F79EFBC}") = "CenturiesToNanosecond", "CenturiesToNanosecond\CenturiesToNanosecond.csproj", "{D6C1C3CE-CE30-4D69-A473-1172677BB694}"
EndProject
Project("{FAE04EC0-301F-11D3-BF4B-00C04F79EFBC}") = "SpeedConversion", "SpeedConversion\SpeedConversion.csproj", "{89C22C54-5A90-4E30-B72A-D8C0980B213F}"
EndProject
Project("{FAE04EC0-301F-11D3-BF4B-00C04F79EFBC}") = "RectangleProperties", "RectangleProperties\RectangleProperties.csproj", "{4BD664A4-E8C9-484B-BF78-5A7D91B30008}"
EndProject
Project("{FAE04EC0-301F-11D3-BF4B-00C04F79EFBC}") = "VowelToDigit", "VowelToDigit\VowelToDigit.csproj", "{B85C0547-1B89-4767-8907-E0EAA3F35C32}"
EndProject
Project("{FAE04EC0-301F-11D3-BF4B-00C04F79EFBC}") = "ToHexAndBinary", "ToHexAndBinary\ToHexAndBinary.csproj", "{DD3CAFCC-B59B-4386-A793-1B20EC66DA85}"
EndProject
Project("{FAE04EC0-301F-11D3-BF4B-00C04F79EFBC}") = "PrimeChecker", "PrimeChecker\PrimeChecker.csproj", "{7BDA5617-17E5-4792-B9F5-069EFF6B6015}"
EndProject
Project("{FAE04EC0-301F-11D3-BF4B-00C04F79EFBC}") = "PrintAsciiTable", "PrintAsciiTable\PrintAsciiTable.csproj", "{592B23B0-77A6-4858-A769-3EDA6EDC1A77}"
EndProject
Project("{FAE04EC0-301F-11D3-BF4B-00C04F79EFBC}") = "DifferentIntegerSize", "DifferentIntegerSize\DifferentIntegerSize.csproj", "{38743511-F173-4412-8EC4-BE3A422C0C87}"
EndProject
Global
	GlobalSection(SolutionConfigurationPlatforms) = preSolution
		Debug|Any CPU = Debug|Any CPU
		Release|Any CPU = Release|Any CPU
	EndGlobalSection
	GlobalSection(ProjectConfigurationPlatforms) = postSolution
		{0A4B0AA1-C847-443D-B0C6-DEB7F4650C33}.Debug|Any CPU.ActiveCfg = Debug|Any CPU
		{0A4B0AA1-C847-443D-B0C6-DEB7F4650C33}.Debug|Any CPU.Build.0 = Debug|Any CPU
		{0A4B0AA1-C847-443D-B0C6-DEB7F4650C33}.Release|Any CPU.ActiveCfg = Release|Any CPU
		{0A4B0AA1-C847-443D-B0C6-DEB7F4650C33}.Release|Any CPU.Build.0 = Release|Any CPU
		{2E86572F-761B-49ED-89DE-BD71633DB9DB}.Debug|Any CPU.ActiveCfg = Debug|Any CPU
		{2E86572F-761B-49ED-89DE-BD71633DB9DB}.Debug|Any CPU.Build.0 = Debug|Any CPU
		{2E86572F-761B-49ED-89DE-BD71633DB9DB}.Release|Any CPU.ActiveCfg = Release|Any CPU
		{2E86572F-761B-49ED-89DE-BD71633DB9DB}.Release|Any CPU.Build.0 = Release|Any CPU
		{64290F1D-0261-460F-9211-AA4751194F42}.Debug|Any CPU.ActiveCfg = Debug|Any CPU
		{64290F1D-0261-460F-9211-AA4751194F42}.Debug|Any CPU.Build.0 = Debug|Any CPU
		{64290F1D-0261-460F-9211-AA4751194F42}.Release|Any CPU.ActiveCfg = Release|Any CPU
		{64290F1D-0261-460F-9211-AA4751194F42}.Release|Any CPU.Build.0 = Release|Any CPU
		{27D3232B-DF0B-4CCF-9436-8E09CE3E7ADF}.Debug|Any CPU.ActiveCfg = Debug|Any CPU
		{27D3232B-DF0B-4CCF-9436-8E09CE3E7ADF}.Debug|Any CPU.Build.0 = Debug|Any CPU
		{27D3232B-DF0B-4CCF-9436-8E09CE3E7ADF}.Release|Any CPU.ActiveCfg = Release|Any CPU
		{27D3232B-DF0B-4CCF-9436-8E09CE3E7ADF}.Release|Any CPU.Build.0 = Release|Any CPU
		{6ABB9813-67CF-427F-BFFE-6AE340EB114C}.Debug|Any CPU.ActiveCfg = Debug|Any CPU
		{6ABB9813-67CF-427F-BFFE-6AE340EB114C}.Debug|Any CPU.Build.0 = Debug|Any CPU
		{6ABB9813-67CF-427F-BFFE-6AE340EB114C}.Release|Any CPU.ActiveCfg = Release|Any CPU
		{6ABB9813-67CF-427F-BFFE-6AE340EB114C}.Release|Any CPU.Build.0 = Release|Any CPU
		{C8100FC7-79BD-462B-AF07-7195F085A5C7}.Debug|Any CPU.ActiveCfg = Debug|Any CPU
		{C8100FC7-79BD-462B-AF07-7195F085A5C7}.Debug|Any CPU.Build.0 = Debug|Any CPU
		{C8100FC7-79BD-462B-AF07-7195F085A5C7}.Release|Any CPU.ActiveCfg = Release|Any CPU
		{C8100FC7-79BD-462B-AF07-7195F085A5C7}.Release|Any CPU.Build.0 = Release|Any CPU
		{DD082758-84BD-46ED-9F0C-9D675388D28E}.Debug|Any CPU.ActiveCfg = Debug|Any CPU
		{DD082758-84BD-46ED-9F0C-9D675388D28E}.Debug|Any CPU.Build.0 = Debug|Any CPU
		{DD082758-84BD-46ED-9F0C-9D675388D28E}.Release|Any CPU.ActiveCfg = Release|Any CPU
		{DD082758-84BD-46ED-9F0C-9D675388D28E}.Release|Any CPU.Build.0 = Release|Any CPU
		{A07AECAE-3C4D-483E-A6D0-8E3FE138A7D7}.Debug|Any CPU.ActiveCfg = Debug|Any CPU
		{A07AECAE-3C4D-483E-A6D0-8E3FE138A7D7}.Debug|Any CPU.Build.0 = Debug|Any CPU
		{A07AECAE-3C4D-483E-A6D0-8E3FE138A7D7}.Release|Any CPU.ActiveCfg = Release|Any CPU
		{A07AECAE-3C4D-483E-A6D0-8E3FE138A7D7}.Release|Any CPU.Build.0 = Release|Any CPU
		{931B0F56-8D6B-4738-BC56-AE8ADFE2BB6A}.Debug|Any CPU.ActiveCfg = Debug|Any CPU
		{931B0F56-8D6B-4738-BC56-AE8ADFE2BB6A}.Debug|Any CPU.Build.0 = Debug|Any CPU
		{931B0F56-8D6B-4738-BC56-AE8ADFE2BB6A}.Release|Any CPU.ActiveCfg = Release|Any CPU
		{931B0F56-8D6B-4738-BC56-AE8ADFE2BB6A}.Release|Any CPU.Build.0 = Release|Any CPU
		{D6C1C3CE-CE30-4D69-A473-1172677BB694}.Debug|Any CPU.ActiveCfg = Debug|Any CPU
		{D6C1C3CE-CE30-4D69-A473-1172677BB694}.Debug|Any CPU.Build.0 = Debug|Any CPU
		{D6C1C3CE-CE30-4D69-A473-1172677BB694}.Release|Any CPU.ActiveCfg = Release|Any CPU
		{D6C1C3CE-CE30-4D69-A473-1172677BB694}.Release|Any CPU.Build.0 = Release|Any CPU
		{89C22C54-5A90-4E30-B72A-D8C0980B213F}.Debug|Any CPU.ActiveCfg = Debug|Any CPU
		{89C22C54-5A90-4E30-B72A-D8C0980B213F}.Debug|Any CPU.Build.0 = Debug|Any CPU
		{89C22C54-5A90-4E30-B72A-D8C0980B213F}.Release|Any CPU.ActiveCfg = Release|Any CPU
		{89C22C54-5A90-4E30-B72A-D8C0980B213F}.Release|Any CPU.Build.0 = Release|Any CPU
		{4BD664A4-E8C9-484B-BF78-5A7D91B30008}.Debug|Any CPU.ActiveCfg = Debug|Any CPU
		{4BD664A4-E8C9-484B-BF78-5A7D91B30008}.Debug|Any CPU.Build.0 = Debug|Any CPU
		{4BD664A4-E8C9-484B-BF78-5A7D91B30008}.Release|Any CPU.ActiveCfg = Release|Any CPU
		{4BD664A4-E8C9-484B-BF78-5A7D91B30008}.Release|Any CPU.Build.0 = Release|Any CPU
		{B85C0547-1B89-4767-8907-E0EAA3F35C32}.Debug|Any CPU.ActiveCfg = Debug|Any CPU
		{B85C0547-1B89-4767-8907-E0EAA3F35C32}.Debug|Any CPU.Build.0 = Debug|Any CPU
		{B85C0547-1B89-4767-8907-E0EAA3F35C32}.Release|Any CPU.ActiveCfg = Release|Any CPU
		{B85C0547-1B89-4767-8907-E0EAA3F35C32}.Release|Any CPU.Build.0 = Release|Any CPU
		{DD3CAFCC-B59B-4386-A793-1B20EC66DA85}.Debug|Any CPU.ActiveCfg = Debug|Any CPU
		{DD3CAFCC-B59B-4386-A793-1B20EC66DA85}.Debug|Any CPU.Build.0 = Debug|Any CPU
		{DD3CAFCC-B59B-4386-A793-1B20EC66DA85}.Release|Any CPU.ActiveCfg = Release|Any CPU
		{DD3CAFCC-B59B-4386-A793-1B20EC66DA85}.Release|Any CPU.Build.0 = Release|Any CPU
		{7BDA5617-17E5-4792-B9F5-069EFF6B6015}.Debug|Any CPU.ActiveCfg = Debug|Any CPU
		{7BDA5617-17E5-4792-B9F5-069EFF6B6015}.Debug|Any CPU.Build.0 = Debug|Any CPU
		{7BDA5617-17E5-4792-B9F5-069EFF6B6015}.Release|Any CPU.ActiveCfg = Release|Any CPU
		{7BDA5617-17E5-4792-B9F5-069EFF6B6015}.Release|Any CPU.Build.0 = Release|Any CPU
		{592B23B0-77A6-4858-A769-3EDA6EDC1A77}.Debug|Any CPU.ActiveCfg = Debug|Any CPU
		{592B23B0-77A6-4858-A769-3EDA6EDC1A77}.Debug|Any CPU.Build.0 = Debug|Any CPU
		{592B23B0-77A6-4858-A769-3EDA6EDC1A77}.Release|Any CPU.ActiveCfg = Release|Any CPU
		{592B23B0-77A6-4858-A769-3EDA6EDC1A77}.Release|Any CPU.Build.0 = Release|Any CPU
		{38743511-F173-4412-8EC4-BE3A422C0C87}.Debug|Any CPU.ActiveCfg = Debug|Any CPU
		{38743511-F173-4412-8EC4-BE3A422C0C87}.Debug|Any CPU.Build.0 = Debug|Any CPU
		{38743511-F173-4412-8EC4-BE3A422C0C87}.Release|Any CPU.ActiveCfg = Release|Any CPU
		{38743511-F173-4412-8EC4-BE3A422C0C87}.Release|Any CPU.Build.0 = Release|Any CPU
	EndGlobalSection
	GlobalSection(SolutionProperties) = preSolution
		HideSolutionNode = FALSE
	EndGlobalSection
EndGlobal
